
Microsoft Visual Studio Solution File, Format Version 12.00
# Visual Studio 2012
Project("{FAE04EC0-301F-11D3-BF4B-00C04F79EFBC}") = "WirelessGuestAccount", "WirelessGuestAccount\WirelessGuestAccount.csproj", "{9578D8DE-1A64-4160-9DDF-2541108357E8}"
EndProject
Global
	GlobalSection(SolutionConfigurationPlatforms) = preSolution
		CD_ROM|Any CPU = CD_ROM|Any CPU
		Debug|Any CPU = Debug|Any CPU
		DVD-5|Any CPU = DVD-5|Any CPU
		Release|Any CPU = Release|Any CPU
		SingleImage|Any CPU = SingleImage|Any CPU
	EndGlobalSection
	GlobalSection(ProjectConfigurationPlatforms) = postSolution
		{9578D8DE-1A64-4160-9DDF-2541108357E8}.CD_ROM|Any CPU.ActiveCfg = Release|Any CPU
		{9578D8DE-1A64-4160-9DDF-2541108357E8}.CD_ROM|Any CPU.Build.0 = Release|Any CPU
		{9578D8DE-1A64-4160-9DDF-2541108357E8}.Debug|Any CPU.ActiveCfg = Debug|Any CPU
		{9578D8DE-1A64-4160-9DDF-2541108357E8}.Debug|Any CPU.Build.0 = Debug|Any CPU
		{9578D8DE-1A64-4160-9DDF-2541108357E8}.DVD-5|Any CPU.ActiveCfg = Debug|Any CPU
		{9578D8DE-1A64-4160-9DDF-2541108357E8}.DVD-5|Any CPU.Build.0 = Debug|Any CPU
		{9578D8DE-1A64-4160-9DDF-2541108357E8}.Release|Any CPU.ActiveCfg = Release|Any CPU
		{9578D8DE-1A64-4160-9DDF-2541108357E8}.Release|Any CPU.Build.0 = Release|Any CPU
		{9578D8DE-1A64-4160-9DDF-2541108357E8}.SingleImage|Any CPU.ActiveCfg = Release|Any CPU
		{9578D8DE-1A64-4160-9DDF-2541108357E8}.SingleImage|Any CPU.Build.0 = Release|Any CPU
		{00965656-09B2-458A-A73F-6DE448CC0AFF}.CD_ROM|Any CPU.ActiveCfg = CD_ROM
		{00965656-09B2-458A-A73F-6DE448CC0AFF}.CD_ROM|Any CPU.Build.0 = CD_ROM
		{00965656-09B2-458A-A73F-6DE448CC0AFF}.Debug|Any CPU.ActiveCfg = DVD-5
		{00965656-09B2-458A-A73F-6DE448CC0AFF}.Debug|Any CPU.Build.0 = DVD-5
		{00965656-09B2-458A-A73F-6DE448CC0AFF}.DVD-5|Any CPU.ActiveCfg = DVD-5
		{00965656-09B2-458A-A73F-6DE448CC0AFF}.DVD-5|Any CPU.Build.0 = DVD-5
		{00965656-09B2-458A-A73F-6DE448CC0AFF}.Release|Any CPU.ActiveCfg = SingleImage
		{00965656-09B2-458A-A73F-6DE448CC0AFF}.Release|Any CPU.Build.0 = SingleImage
		{00965656-09B2-458A-A73F-6DE448CC0AFF}.SingleImage|Any CPU.ActiveCfg = SingleImage
		{00965656-09B2-458A-A73F-6DE448CC0AFF}.SingleImage|Any CPU.Build.0 = SingleImage
	EndGlobalSection
	GlobalSection(SolutionProperties) = preSolution
		HideSolutionNode = FALSE
	EndGlobalSection
EndGlobal
